// !$*UTF8*$!
{
	archiveVersion = 1;
	classes = {
	};
	objectVersion = 56;
	objects = {

/* Begin PBXBuildFile section */
		546FE2A02BF8F27900F97F72 /* MetroDataManager.swift in Sources */ = {isa = PBXBuildFile; fileRef = 546FE29F2BF8F27900F97F72 /* MetroDataManager.swift */; };
		546FE2A22BF8F29700F97F72 /* MetroLine.swift in Sources */ = {isa = PBXBuildFile; fileRef = 546FE2A12BF8F29700F97F72 /* MetroLine.swift */; };
		546FE2A42BF8F36F00F97F72 /* Station.swift in Sources */ = {isa = PBXBuildFile; fileRef = 546FE2A32BF8F36F00F97F72 /* Station.swift */; };
		546FE2A82BF9022000F97F72 /* RouteManager.swift in Sources */ = {isa = PBXBuildFile; fileRef = 546FE2A72BF9022000F97F72 /* RouteManager.swift */; };
		546FE2AA2BF9023D00F97F72 /* Route.swift in Sources */ = {isa = PBXBuildFile; fileRef = 546FE2A92BF9023D00F97F72 /* Route.swift */; };
		546FE2AC2BF9025800F97F72 /* Waypoint.swift in Sources */ = {isa = PBXBuildFile; fileRef = 546FE2AB2BF9025800F97F72 /* Waypoint.swift */; };
		54FF2C602BEAB75B00786E2B /* Dm2App.swift in Sources */ = {isa = PBXBuildFile; fileRef = 54FF2C5F2BEAB75B00786E2B /* Dm2App.swift */; };
		54FF2C622BEAB75B00786E2B /* ContentView.swift in Sources */ = {isa = PBXBuildFile; fileRef = 54FF2C612BEAB75B00786E2B /* ContentView.swift */; };
		54FF2C642BEAB75D00786E2B /* Assets.xcassets in Resources */ = {isa = PBXBuildFile; fileRef = 54FF2C632BEAB75D00786E2B /* Assets.xcassets */; };
		54FF2C672BEAB75D00786E2B /* Preview Assets.xcassets in Resources */ = {isa = PBXBuildFile; fileRef = 54FF2C662BEAB75D00786E2B /* Preview Assets.xcassets */; };
/* End PBXBuildFile section */

/* Begin PBXFileReference section */
		546FE29F2BF8F27900F97F72 /* MetroDataManager.swift */ = {isa = PBXFileReference; lastKnownFileType = sourcecode.swift; path = MetroDataManager.swift; sourceTree = "<group>"; };
		546FE2A12BF8F29700F97F72 /* MetroLine.swift */ = {isa = PBXFileReference; lastKnownFileType = sourcecode.swift; path = MetroLine.swift; sourceTree = "<group>"; };
		546FE2A32BF8F36F00F97F72 /* Station.swift */ = {isa = PBXFileReference; lastKnownFileType = sourcecode.swift; path = Station.swift; sourceTree = "<group>"; };
		546FE2A72BF9022000F97F72 /* RouteManager.swift */ = {isa = PBXFileReference; lastKnownFileType = sourcecode.swift; path = RouteManager.swift; sourceTree = "<group>"; };
		546FE2A92BF9023D00F97F72 /* Route.swift */ = {isa = PBXFileReference; lastKnownFileType = sourcecode.swift; path = Route.swift; sourceTree = "<group>"; };
		546FE2AB2BF9025800F97F72 /* Waypoint.swift */ = {isa = PBXFileReference; lastKnownFileType = sourcecode.swift; path = Waypoint.swift; sourceTree = "<group>"; };
		54FF2C5C2BEAB75B00786E2B /* Dm2.app */ = {isa = PBXFileReference; explicitFileType = wrapper.application; includeInIndex = 0; path = Dm2.app; sourceTree = BUILT_PRODUCTS_DIR; };
		54FF2C5F2BEAB75B00786E2B /* Dm2App.swift */ = {isa = PBXFileReference; lastKnownFileType = sourcecode.swift; path = Dm2App.swift; sourceTree = "<group>"; };
		54FF2C612BEAB75B00786E2B /* ContentView.swift */ = {isa = PBXFileReference; lastKnownFileType = sourcecode.swift; path = ContentView.swift; sourceTree = "<group>"; };
		54FF2C632BEAB75D00786E2B /* Assets.xcassets */ = {isa = PBXFileReference; lastKnownFileType = folder.assetcatalog; path = Assets.xcassets; sourceTree = "<group>"; };
		54FF2C662BEAB75D00786E2B /* Preview Assets.xcassets */ = {isa = PBXFileReference; lastKnownFileType = folder.assetcatalog; path = "Preview Assets.xcassets"; sourceTree = "<group>"; };
		54FF2C6D2BEAB77700786E2B /* .gitignore */ = {isa = PBXFileReference; lastKnownFileType = text; path = .gitignore; sourceTree = "<group>"; };
/* End PBXFileReference section */

/* Begin PBXFrameworksBuildPhase section */
		54FF2C592BEAB75B00786E2B /* Frameworks */ = {
			isa = PBXFrameworksBuildPhase;
			buildActionMask = 2147483647;
			files = (
			);
			runOnlyForDeploymentPostprocessing = 0;
		};
/* End PBXFrameworksBuildPhase section */

/* Begin PBXGroup section */
		54FF2C532BEAB75B00786E2B = {
			isa = PBXGroup;
			children = (
				54FF2C6D2BEAB77700786E2B /* .gitignore */,
				54FF2C5E2BEAB75B00786E2B /* Dm2 */,
				54FF2C5D2BEAB75B00786E2B /* Products */,
			);
			sourceTree = "<group>";
		};
		54FF2C5D2BEAB75B00786E2B /* Products */ = {
			isa = PBXGroup;
			children = (
				54FF2C5C2BEAB75B00786E2B /* Dm2.app */,
			);
			name = Products;
			sourceTree = "<group>";
		};
		54FF2C5E2BEAB75B00786E2B /* Dm2 */ = {
			isa = PBXGroup;
			children = (
				54FF2C702BED719900786E2B /* ViewModels */,
				54FF2C6F2BED719000786E2B /* Models */,
				54FF2C6E2BED718500786E2B /* Views */,
				54FF2C5F2BEAB75B00786E2B /* Dm2App.swift */,
				54FF2C612BEAB75B00786E2B /* ContentView.swift */,
				54FF2C632BEAB75D00786E2B /* Assets.xcassets */,
				54FF2C652BEAB75D00786E2B /* Preview Content */,
			);
			path = Dm2;
			sourceTree = "<group>";
		};
		54FF2C652BEAB75D00786E2B /* Preview Content */ = {
			isa = PBXGroup;
			children = (
				54FF2C662BEAB75D00786E2B /* Preview Assets.xcassets */,
			);
			path = "Preview Content";
			sourceTree = "<group>";
		};
		54FF2C6E2BED718500786E2B /* Views */ = {
			isa = PBXGroup;
			children = (
			);
			path = Views;
			sourceTree = "<group>";
		};
		54FF2C6F2BED719000786E2B /* Models */ = {
			isa = PBXGroup;
			children = (
				546FE2A12BF8F29700F97F72 /* MetroLine.swift */,
				546FE2A32BF8F36F00F97F72 /* Station.swift */,
				546FE2A92BF9023D00F97F72 /* Route.swift */,
				546FE2AB2BF9025800F97F72 /* Waypoint.swift */,
			);
			path = Models;
			sourceTree = "<group>";
		};
		54FF2C702BED719900786E2B /* ViewModels */ = {
			isa = PBXGroup;
			children = (
				546FE29F2BF8F27900F97F72 /* MetroDataManager.swift */,
				546FE2A72BF9022000F97F72 /* RouteManager.swift */,
			);
			path = ViewModels;
			sourceTree = "<group>";
		};
/* End PBXGroup section */

/* Begin PBXNativeTarget section */
		54FF2C5B2BEAB75B00786E2B /* Dm2 */ = {
			isa = PBXNativeTarget;
			buildConfigurationList = 54FF2C6A2BEAB75D00786E2B /* Build configuration list for PBXNativeTarget "Dm2" */;
			buildPhases = (
				54FF2C582BEAB75B00786E2B /* Sources */,
				54FF2C592BEAB75B00786E2B /* Frameworks */,
				54FF2C5A2BEAB75B00786E2B /* Resources */,
			);
			buildRules = (
			);
			dependencies = (
			);
			name = Dm2;
			productName = Dm2;
			productReference = 54FF2C5C2BEAB75B00786E2B /* Dm2.app */;
			productType = "com.apple.product-type.application";
		};
/* End PBXNativeTarget section */

/* Begin PBXProject section */
		54FF2C542BEAB75B00786E2B /* Project object */ = {
			isa = PBXProject;
			attributes = {
				BuildIndependentTargetsInParallel = 1;
				LastSwiftUpdateCheck = 1520;
				LastUpgradeCheck = 1520;
				TargetAttributes = {
					54FF2C5B2BEAB75B00786E2B = {
						CreatedOnToolsVersion = 15.2;
					};
				};
			};
			buildConfigurationList = 54FF2C572BEAB75B00786E2B /* Build configuration list for PBXProject "Dm2" */;
			compatibilityVersion = "Xcode 14.0";
			developmentRegion = en;
			hasScannedForEncodings = 0;
			knownRegions = (
				en,
				Base,
			);
			mainGroup = 54FF2C532BEAB75B00786E2B;
			productRefGroup = 54FF2C5D2BEAB75B00786E2B /* Products */;
			projectDirPath = "";
			projectRoot = "";
			targets = (
				54FF2C5B2BEAB75B00786E2B /* Dm2 */,
			);
		};
/* End PBXProject section */

/* Begin PBXResourcesBuildPhase section */
		54FF2C5A2BEAB75B00786E2B /* Resources */ = {
			isa = PBXResourcesBuildPhase;
			buildActionMask = 2147483647;
			files = (
				54FF2C672BEAB75D00786E2B /* Preview Assets.xcassets in Resources */,
				54FF2C642BEAB75D00786E2B /* Assets.xcassets in Resources */,
			);
			runOnlyForDeploymentPostprocessing = 0;
		};
/* End PBXResourcesBuildPhase section */

/* Begin PBXSourcesBuildPhase section */
		54FF2C582BEAB75B00786E2B /* Sources */ = {
			isa = PBXSourcesBuildPhase;
			buildActionMask = 2147483647;
			files = (
				546FE2A02BF8F27900F97F72 /* MetroDataManager.swift in Sources */,
				546FE2A22BF8F29700F97F72 /* MetroLine.swift in Sources */,
				546FE2A42BF8F36F00F97F72 /* Station.swift in Sources */,
				546FE2A82BF9022000F97F72 /* RouteManager.swift in Sources */,
				546FE2AC2BF9025800F97F72 /* Waypoint.swift in Sources */,
				54FF2C622BEAB75B00786E2B /* ContentView.swift in Sources */,
				546FE2AA2BF9023D00F97F72 /* Route.swift in Sources */,
				54FF2C602BEAB75B00786E2B /* Dm2App.swift in Sources */,
			);
			runOnlyForDeploymentPostprocessing = 0;
		};
/* End PBXSourcesBuildPhase section */

/* Begin XCBuildConfiguration section */
		54FF2C682BEAB75D00786E2B /* Debug */ = {
			isa = XCBuildConfiguration;
			buildSettings = {
				ALWAYS_SEARCH_USER_PATHS = NO;
				ASSETCATALOG_COMPILER_GENERATE_SWIFT_ASSET_SYMBOL_EXTENSIONS = YES;
				CLANG_ANALYZER_NONNULL = YES;
				CLANG_ANALYZER_NUMBER_OBJECT_CONVERSION = YES_AGGRESSIVE;
				CLANG_CXX_LANGUAGE_STANDARD = "gnu++20";
				CLANG_ENABLE_MODULES = YES;
				CLANG_ENABLE_OBJC_ARC = YES;
				CLANG_ENABLE_OBJC_WEAK = YES;
				CLANG_WARN_BLOCK_CAPTURE_AUTORELEASING = YES;
				CLANG_WARN_BOOL_CONVERSION = YES;
				CLANG_WARN_COMMA = YES;
				CLANG_WARN_CONSTANT_CONVERSION = YES;
				CLANG_WARN_DEPRECATED_OBJC_IMPLEMENTATIONS = YES;
				CLANG_WARN_DIRECT_OBJC_ISA_USAGE = YES_ERROR;
				CLANG_WARN_DOCUMENTATION_COMMENTS = YES;
				CLANG_WARN_EMPTY_BODY = YES;
				CLANG_WARN_ENUM_CONVERSION = YES;
				CLANG_WARN_INFINITE_RECURSION = YES;
				CLANG_WARN_INT_CONVERSION = YES;
				CLANG_WARN_NON_LITERAL_NULL_CONVERSION = YES;
				CLANG_WARN_OBJC_IMPLICIT_RETAIN_SELF = YES;
				CLANG_WARN_OBJC_LITERAL_CONVERSION = YES;
				CLANG_WARN_OBJC_ROOT_CLASS = YES_ERROR;
				CLANG_WARN_QUOTED_INCLUDE_IN_FRAMEWORK_HEADER = YES;
				CLANG_WARN_RANGE_LOOP_ANALYSIS = YES;
				CLANG_WARN_STRICT_PROTOTYPES = YES;
				CLANG_WARN_SUSPICIOUS_MOVE = YES;
				CLANG_WARN_UNGUARDED_AVAILABILITY = YES_AGGRESSIVE;
				CLANG_WARN_UNREACHABLE_CODE = YES;
				CLANG_WARN__DUPLICATE_METHOD_MATCH = YES;
				COPY_PHASE_STRIP = NO;
				DEBUG_INFORMATION_FORMAT = dwarf;
				ENABLE_STRICT_OBJC_MSGSEND = YES;
				ENABLE_TESTABILITY = YES;
				ENABLE_USER_SCRIPT_SANDBOXING = YES;
				GCC_C_LANGUAGE_STANDARD = gnu17;
				GCC_DYNAMIC_NO_PIC = NO;
				GCC_NO_COMMON_BLOCKS = YES;
				GCC_OPTIMIZATION_LEVEL = 0;
				GCC_PREPROCESSOR_DEFINITIONS = (
					"DEBUG=1",
					"$(inherited)",
				);
				GCC_WARN_64_TO_32_BIT_CONVERSION = YES;
				GCC_WARN_ABOUT_RETURN_TYPE = YES_ERROR;
				GCC_WARN_UNDECLARED_SELECTOR = YES;
				GCC_WARN_UNINITIALIZED_AUTOS = YES_AGGRESSIVE;
				GCC_WARN_UNUSED_FUNCTION = YES;
				GCC_WARN_UNUSED_VARIABLE = YES;
				IPHONEOS_DEPLOYMENT_TARGET = 17.2;
				LOCALIZATION_PREFERS_STRING_CATALOGS = YES;
				MTL_ENABLE_DEBUG_INFO = INCLUDE_SOURCE;
				MTL_FAST_MATH = YES;
				ONLY_ACTIVE_ARCH = YES;
				SDKROOT = iphoneos;
				SWIFT_ACTIVE_COMPILATION_CONDITIONS = "DEBUG $(inherited)";
				SWIFT_OPTIMIZATION_LEVEL = "-Onone";
			};
			name = Debug;
		};
		54FF2C692BEAB75D00786E2B /* Release */ = {
			isa = XCBuildConfiguration;
			buildSettings = {
				ALWAYS_SEARCH_USER_PATHS = NO;
				ASSETCATALOG_COMPILER_GENERATE_SWIFT_ASSET_SYMBOL_EXTENSIONS = YES;
				CLANG_ANALYZER_NONNULL = YES;
				CLANG_ANALYZER_NUMBER_OBJECT_CONVERSION = YES_AGGRESSIVE;
				CLANG_CXX_LANGUAGE_STANDARD = "gnu++20";
				CLANG_ENABLE_MODULES = YES;
				CLANG_ENABLE_OBJC_ARC = YES;
				CLANG_ENABLE_OBJC_WEAK = YES;
				CLANG_WARN_BLOCK_CAPTURE_AUTORELEASING = YES;
				CLANG_WARN_BOOL_CONVERSION = YES;
				CLANG_WARN_COMMA = YES;
				CLANG_WARN_CONSTANT_CONVERSION = YES;
				CLANG_WARN_DEPRECATED_OBJC_IMPLEMENTATIONS = YES;
				CLANG_WARN_DIRECT_OBJC_ISA_USAGE = YES_ERROR;
				CLANG_WARN_DOCUMENTATION_COMMENTS = YES;
				CLANG_WARN_EMPTY_BODY = YES;
				CLANG_WARN_ENUM_CONVERSION = YES;
				CLANG_WARN_INFINITE_RECURSION = YES;
				CLANG_WARN_INT_CONVERSION = YES;
				CLANG_WARN_NON_LITERAL_NULL_CONVERSION = YES;
				CLANG_WARN_OBJC_IMPLICIT_RETAIN_SELF = YES;
				CLANG_WARN_OBJC_LITERAL_CONVERSION = YES;
				CLANG_WARN_OBJC_ROOT_CLASS = YES_ERROR;
				CLANG_WARN_QUOTED_INCLUDE_IN_FRAMEWORK_HEADER = YES;
				CLANG_WARN_RANGE_LOOP_ANALYSIS = YES;
				CLANG_WARN_STRICT_PROTOTYPES = YES;
				CLANG_WARN_SUSPICIOUS_MOVE = YES;
				CLANG_WARN_UNGUARDED_AVAILABILITY = YES_AGGRESSIVE;
				CLANG_WARN_UNREACHABLE_CODE = YES;
				CLANG_WARN__DUPLICATE_METHOD_MATCH = YES;
				COPY_PHASE_STRIP = NO;
				DEBUG_INFORMATION_FORMAT = "dwarf-with-dsym";
				ENABLE_NS_ASSERTIONS = NO;
				ENABLE_STRICT_OBJC_MSGSEND = YES;
				ENABLE_USER_SCRIPT_SANDBOXING = YES;
				GCC_C_LANGUAGE_STANDARD = gnu17;
				GCC_NO_COMMON_BLOCKS = YES;
				GCC_WARN_64_TO_32_BIT_CONVERSION = YES;
				GCC_WARN_ABOUT_RETURN_TYPE = YES_ERROR;
				GCC_WARN_UNDECLARED_SELECTOR = YES;
				GCC_WARN_UNINITIALIZED_AUTOS = YES_AGGRESSIVE;
				GCC_WARN_UNUSED_FUNCTION = YES;
				GCC_WARN_UNUSED_VARIABLE = YES;
				IPHONEOS_DEPLOYMENT_TARGET = 17.2;
				LOCALIZATION_PREFERS_STRING_CATALOGS = YES;
				MTL_ENABLE_DEBUG_INFO = NO;
				MTL_FAST_MATH = YES;
				SDKROOT = iphoneos;
				SWIFT_COMPILATION_MODE = wholemodule;
				VALIDATE_PRODUCT = YES;
			};
			name = Release;
		};
		54FF2C6B2BEAB75D00786E2B /* Debug */ = {
			isa = XCBuildConfiguration;
			buildSettings = {
				ASSETCATALOG_COMPILER_APPICON_NAME = AppIcon;
				ASSETCATALOG_COMPILER_GLOBAL_ACCENT_COLOR_NAME = AccentColor;
				CODE_SIGN_STYLE = Automatic;
				CURRENT_PROJECT_VERSION = 1;
				DEVELOPMENT_ASSET_PATHS = "\"Dm2/Preview Content\"";
				DEVELOPMENT_TEAM = L228K2QMTF;
				ENABLE_PREVIEWS = YES;
				GENERATE_INFOPLIST_FILE = YES;
				INFOPLIST_KEY_UIApplicationSceneManifest_Generation = YES;
				INFOPLIST_KEY_UIApplicationSupportsIndirectInputEvents = YES;
				INFOPLIST_KEY_UILaunchScreen_Generation = YES;
				INFOPLIST_KEY_UISupportedInterfaceOrientations_iPad = "UIInterfaceOrientationPortrait UIInterfaceOrientationPortraitUpsideDown UIInterfaceOrientationLandscapeLeft UIInterfaceOrientationLandscapeRight";
				INFOPLIST_KEY_UISupportedInterfaceOrientations_iPhone = "UIInterfaceOrientationPortrait UIInterfaceOrientationLandscapeLeft UIInterfaceOrientationLandscapeRight";
				LD_RUNPATH_SEARCH_PATHS = (
					"$(inherited)",
					"@executable_path/Frameworks",
				);
				MARKETING_VERSION = 1.0;
				PRODUCT_BUNDLE_IDENTIFIER = "salvatore.attanasio23-gmail.com.Dm2";
				PRODUCT_NAME = "$(TARGET_NAME)";
				SWIFT_EMIT_LOC_STRINGS = YES;
				SWIFT_VERSION = 5.0;
				TARGETED_DEVICE_FAMILY = "1,2";
			};
			name = Debug;
		};
		54FF2C6C2BEAB75D00786E2B /* Release */ = {
			isa = XCBuildConfiguration;
			buildSettings = {
				ASSETCATALOG_COMPILER_APPICON_NAME = AppIcon;
				ASSETCATALOG_COMPILER_GLOBAL_ACCENT_COLOR_NAME = AccentColor;
				CODE_SIGN_STYLE = Automatic;
				CURRENT_PROJECT_VERSION = 1;
				DEVELOPMENT_ASSET_PATHS = "\"Dm2/Preview Content\"";
				DEVELOPMENT_TEAM = L228K2QMTF;
				ENABLE_PREVIEWS = YES;
				GENERATE_INFOPLIST_FILE = YES;
				INFOPLIST_KEY_UIApplicationSceneManifest_Generation = YES;
				INFOPLIST_KEY_UIApplicationSupportsIndirectInputEvents = YES;
				INFOPLIST_KEY_UILaunchScreen_Generation = YES;
				INFOPLIST_KEY_UISupportedInterfaceOrientations_iPad = "UIInterfaceOrientationPortrait UIInterfaceOrientationPortraitUpsideDown UIInterfaceOrientationLandscapeLeft UIInterfaceOrientationLandscapeRight";
				INFOPLIST_KEY_UISupportedInterfaceOrientations_iPhone = "UIInterfaceOrientationPortrait UIInterfaceOrientationLandscapeLeft UIInterfaceOrientationLandscapeRight";
				LD_RUNPATH_SEARCH_PATHS = (
					"$(inherited)",
					"@executable_path/Frameworks",
				);
				MARKETING_VERSION = 1.0;
				PRODUCT_BUNDLE_IDENTIFIER = "salvatore.attanasio23-gmail.com.Dm2";
				PRODUCT_NAME = "$(TARGET_NAME)";
				SWIFT_EMIT_LOC_STRINGS = YES;
				SWIFT_VERSION = 5.0;
				TARGETED_DEVICE_FAMILY = "1,2";
			};
			name = Release;
		};
/* End XCBuildConfiguration section */

/* Begin XCConfigurationList section */
		54FF2C572BEAB75B00786E2B /* Build configuration list for PBXProject "Dm2" */ = {
			isa = XCConfigurationList;
			buildConfigurations = (
				54FF2C682BEAB75D00786E2B /* Debug */,
				54FF2C692BEAB75D00786E2B /* Release */,
			);
			defaultConfigurationIsVisible = 0;
			defaultConfigurationName = Release;
		};
		54FF2C6A2BEAB75D00786E2B /* Build configuration list for PBXNativeTarget "Dm2" */ = {
			isa = XCConfigurationList;
			buildConfigurations = (
				54FF2C6B2BEAB75D00786E2B /* Debug */,
				54FF2C6C2BEAB75D00786E2B /* Release */,
			);
			defaultConfigurationIsVisible = 0;
			defaultConfigurationName = Release;
		};
/* End XCConfigurationList section */
	};
	rootObject = 54FF2C542BEAB75B00786E2B /* Project object */;
}
